// !$*UTF8*$!
{
	archiveVersion = 1;
	classes = {
	};
	objectVersion = 56;
	objects = {

/* Begin PBXBuildFile section */
		F029176828F68CA8008B7659 /* AppDelegate.swift in Sources */ = {isa = PBXBuildFile; fileRef = F029176728F68CA8008B7659 /* AppDelegate.swift */; };
		F029176A28F68CA8008B7659 /* SceneDelegate.swift in Sources */ = {isa = PBXBuildFile; fileRef = F029176928F68CA8008B7659 /* SceneDelegate.swift */; };
		F029176C28F68CA8008B7659 /* HomeVC.swift in Sources */ = {isa = PBXBuildFile; fileRef = F029176B28F68CA8008B7659 /* HomeVC.swift */; };
		F029176F28F68CA8008B7659 /* Main.storyboard in Resources */ = {isa = PBXBuildFile; fileRef = F029176D28F68CA8008B7659 /* Main.storyboard */; };
		F029177128F68CAD008B7659 /* Assets.xcassets in Resources */ = {isa = PBXBuildFile; fileRef = F029177028F68CAD008B7659 /* Assets.xcassets */; };
		F029177428F68CAD008B7659 /* LaunchScreen.storyboard in Resources */ = {isa = PBXBuildFile; fileRef = F029177228F68CAD008B7659 /* LaunchScreen.storyboard */; };
		F05D8D6728F6998D00EB491B /* HomeInteractor.swift in Sources */ = {isa = PBXBuildFile; fileRef = F05D8D6628F6998D00EB491B /* HomeInteractor.swift */; };
		F05D8D6928F6999600EB491B /* HomePresenter.swift in Sources */ = {isa = PBXBuildFile; fileRef = F05D8D6828F6999600EB491B /* HomePresenter.swift */; };
		F05D8D6B28F699A100EB491B /* HomeEntity.swift in Sources */ = {isa = PBXBuildFile; fileRef = F05D8D6A28F699A100EB491B /* HomeEntity.swift */; };
		F05D8D6D28F699AB00EB491B /* HomeRouter.swift in Sources */ = {isa = PBXBuildFile; fileRef = F05D8D6C28F699AB00EB491B /* HomeRouter.swift */; };
		F05D8D7028F699ED00EB491B /* HomeCollectionViewCell.swift in Sources */ = {isa = PBXBuildFile; fileRef = F05D8D6E28F699ED00EB491B /* HomeCollectionViewCell.swift */; };
		F05D8D7128F699ED00EB491B /* HomeCollectionViewCell.xib in Resources */ = {isa = PBXBuildFile; fileRef = F05D8D6F28F699ED00EB491B /* HomeCollectionViewCell.xib */; };
		F07980B328F6B7DE00440FA2 /* HomeProtocols.swift in Sources */ = {isa = PBXBuildFile; fileRef = F07980B228F6B7DE00440FA2 /* HomeProtocols.swift */; };
		F0D250FB28F700DF0049CF73 /* SearchVC.swift in Sources */ = {isa = PBXBuildFile; fileRef = F0D250FA28F700DF0049CF73 /* SearchVC.swift */; };
		F0D250FD28F701020049CF73 /* SearchInteractor.swift in Sources */ = {isa = PBXBuildFile; fileRef = F0D250FC28F701020049CF73 /* SearchInteractor.swift */; };
		F0D250FF28F7010D0049CF73 /* SearchPresenter.swift in Sources */ = {isa = PBXBuildFile; fileRef = F0D250FE28F7010D0049CF73 /* SearchPresenter.swift */; };
		F0D2510128F701160049CF73 /* SearchEntity.swift in Sources */ = {isa = PBXBuildFile; fileRef = F0D2510028F701160049CF73 /* SearchEntity.swift */; };
		F0D2510328F7011E0049CF73 /* SearchRouter.swift in Sources */ = {isa = PBXBuildFile; fileRef = F0D2510228F7011E0049CF73 /* SearchRouter.swift */; };
		F0D2510528F701260049CF73 /* SearchProtocols.swift in Sources */ = {isa = PBXBuildFile; fileRef = F0D2510428F701260049CF73 /* SearchProtocols.swift */; };
/* End PBXBuildFile section */

/* Begin PBXFileReference section */
		F029176428F68CA8008B7659 /* Books App.app */ = {isa = PBXFileReference; explicitFileType = wrapper.application; includeInIndex = 0; path = "Books App.app"; sourceTree = BUILT_PRODUCTS_DIR; };
		F029176728F68CA8008B7659 /* AppDelegate.swift */ = {isa = PBXFileReference; lastKnownFileType = sourcecode.swift; path = AppDelegate.swift; sourceTree = "<group>"; };
		F029176928F68CA8008B7659 /* SceneDelegate.swift */ = {isa = PBXFileReference; lastKnownFileType = sourcecode.swift; path = SceneDelegate.swift; sourceTree = "<group>"; };
		F029176B28F68CA8008B7659 /* HomeVC.swift */ = {isa = PBXFileReference; lastKnownFileType = sourcecode.swift; path = HomeVC.swift; sourceTree = "<group>"; };
		F029176E28F68CA8008B7659 /* Base */ = {isa = PBXFileReference; lastKnownFileType = file.storyboard; name = Base; path = Base.lproj/Main.storyboard; sourceTree = "<group>"; };
		F029177028F68CAD008B7659 /* Assets.xcassets */ = {isa = PBXFileReference; lastKnownFileType = folder.assetcatalog; path = Assets.xcassets; sourceTree = "<group>"; };
		F029177328F68CAD008B7659 /* Base */ = {isa = PBXFileReference; lastKnownFileType = file.storyboard; name = Base; path = Base.lproj/LaunchScreen.storyboard; sourceTree = "<group>"; };
		F029177528F68CAD008B7659 /* Info.plist */ = {isa = PBXFileReference; lastKnownFileType = text.plist.xml; path = Info.plist; sourceTree = "<group>"; };
		F05D8D6628F6998D00EB491B /* HomeInteractor.swift */ = {isa = PBXFileReference; lastKnownFileType = sourcecode.swift; path = HomeInteractor.swift; sourceTree = "<group>"; };
		F05D8D6828F6999600EB491B /* HomePresenter.swift */ = {isa = PBXFileReference; lastKnownFileType = sourcecode.swift; path = HomePresenter.swift; sourceTree = "<group>"; };
		F05D8D6A28F699A100EB491B /* HomeEntity.swift */ = {isa = PBXFileReference; lastKnownFileType = sourcecode.swift; path = HomeEntity.swift; sourceTree = "<group>"; };
		F05D8D6C28F699AB00EB491B /* HomeRouter.swift */ = {isa = PBXFileReference; lastKnownFileType = sourcecode.swift; path = HomeRouter.swift; sourceTree = "<group>"; };
		F05D8D6E28F699ED00EB491B /* HomeCollectionViewCell.swift */ = {isa = PBXFileReference; lastKnownFileType = sourcecode.swift; path = HomeCollectionViewCell.swift; sourceTree = "<group>"; };
		F05D8D6F28F699ED00EB491B /* HomeCollectionViewCell.xib */ = {isa = PBXFileReference; lastKnownFileType = file.xib; path = HomeCollectionViewCell.xib; sourceTree = "<group>"; };
		F07980B228F6B7DE00440FA2 /* HomeProtocols.swift */ = {isa = PBXFileReference; lastKnownFileType = sourcecode.swift; path = HomeProtocols.swift; sourceTree = "<group>"; };
		F0D250FA28F700DF0049CF73 /* SearchVC.swift */ = {isa = PBXFileReference; lastKnownFileType = sourcecode.swift; path = SearchVC.swift; sourceTree = "<group>"; };
		F0D250FC28F701020049CF73 /* SearchInteractor.swift */ = {isa = PBXFileReference; lastKnownFileType = sourcecode.swift; path = SearchInteractor.swift; sourceTree = "<group>"; };
		F0D250FE28F7010D0049CF73 /* SearchPresenter.swift */ = {isa = PBXFileReference; lastKnownFileType = sourcecode.swift; path = SearchPresenter.swift; sourceTree = "<group>"; };
		F0D2510028F701160049CF73 /* SearchEntity.swift */ = {isa = PBXFileReference; lastKnownFileType = sourcecode.swift; path = SearchEntity.swift; sourceTree = "<group>"; };
		F0D2510228F7011E0049CF73 /* SearchRouter.swift */ = {isa = PBXFileReference; lastKnownFileType = sourcecode.swift; path = SearchRouter.swift; sourceTree = "<group>"; };
		F0D2510428F701260049CF73 /* SearchProtocols.swift */ = {isa = PBXFileReference; lastKnownFileType = sourcecode.swift; path = SearchProtocols.swift; sourceTree = "<group>"; };
/* End PBXFileReference section */

/* Begin PBXFrameworksBuildPhase section */
		F029176128F68CA8008B7659 /* Frameworks */ = {
			isa = PBXFrameworksBuildPhase;
			buildActionMask = 2147483647;
			files = (
			);
			runOnlyForDeploymentPostprocessing = 0;
		};
/* End PBXFrameworksBuildPhase section */

/* Begin PBXGroup section */
		F029175B28F68CA8008B7659 = {
			isa = PBXGroup;
			children = (
				F029176628F68CA8008B7659 /* Books App */,
				F029176528F68CA8008B7659 /* Products */,
			);
			sourceTree = "<group>";
		};
		F029176528F68CA8008B7659 /* Products */ = {
			isa = PBXGroup;
			children = (
				F029176428F68CA8008B7659 /* Books App.app */,
			);
			name = Products;
			sourceTree = "<group>";
		};
		F029176628F68CA8008B7659 /* Books App */ = {
			isa = PBXGroup;
			children = (
				F0D250F328F700900049CF73 /* Search */,
				F05D8D6028F696FD00EB491B /* HomePage */,
				F029176728F68CA8008B7659 /* AppDelegate.swift */,
				F029176928F68CA8008B7659 /* SceneDelegate.swift */,
				F029176D28F68CA8008B7659 /* Main.storyboard */,
				F029177028F68CAD008B7659 /* Assets.xcassets */,
				F029177228F68CAD008B7659 /* LaunchScreen.storyboard */,
				F029177528F68CAD008B7659 /* Info.plist */,
			);
			path = "Books App";
			sourceTree = "<group>";
		};
		F05D8D6028F696FD00EB491B /* HomePage */ = {
			isa = PBXGroup;
			children = (
				F07980B428F6B7E400440FA2 /* Protocols */,
				F05D8D6528F6996B00EB491B /* Router */,
				F05D8D6428F6996500EB491B /* Entity */,
				F05D8D6328F6995E00EB491B /* Presenter */,
				F05D8D6228F6995600EB491B /* Interactor */,
				F05D8D6128F6994C00EB491B /* View */,
			);
			path = HomePage;
			sourceTree = "<group>";
		};
		F05D8D6128F6994C00EB491B /* View */ = {
			isa = PBXGroup;
			children = (
				F029176B28F68CA8008B7659 /* HomeVC.swift */,
				F05D8D6E28F699ED00EB491B /* HomeCollectionViewCell.swift */,
				F05D8D6F28F699ED00EB491B /* HomeCollectionViewCell.xib */,
			);
			path = View;
			sourceTree = "<group>";
		};
		F05D8D6228F6995600EB491B /* Interactor */ = {
			isa = PBXGroup;
			children = (
				F05D8D6628F6998D00EB491B /* HomeInteractor.swift */,
			);
			path = Interactor;
			sourceTree = "<group>";
		};
		F05D8D6328F6995E00EB491B /* Presenter */ = {
			isa = PBXGroup;
			children = (
				F05D8D6828F6999600EB491B /* HomePresenter.swift */,
			);
			path = Presenter;
			sourceTree = "<group>";
		};
		F05D8D6428F6996500EB491B /* Entity */ = {
			isa = PBXGroup;
			children = (
				F05D8D6A28F699A100EB491B /* HomeEntity.swift */,
			);
			path = Entity;
			sourceTree = "<group>";
		};
		F05D8D6528F6996B00EB491B /* Router */ = {
			isa = PBXGroup;
			children = (
				F05D8D6C28F699AB00EB491B /* HomeRouter.swift */,
			);
			path = Router;
			sourceTree = "<group>";
		};
		F07980B428F6B7E400440FA2 /* Protocols */ = {
			isa = PBXGroup;
			children = (
				F07980B228F6B7DE00440FA2 /* HomeProtocols.swift */,
			);
			path = Protocols;
			sourceTree = "<group>";
		};
		F0D250F328F700900049CF73 /* Search */ = {
			isa = PBXGroup;
			children = (
				F0D250F928F700AF0049CF73 /* Protocols */,
				F0D250F828F700A90049CF73 /* Router */,
				F0D250F728F700A50049CF73 /* Entity */,
				F0D250F628F700A00049CF73 /* Presenter */,
				F0D250F528F7009A0049CF73 /* Interactor */,
				F0D250F428F700960049CF73 /* View */,
			);
			path = Search;
			sourceTree = "<group>";
		};
		F0D250F428F700960049CF73 /* View */ = {
			isa = PBXGroup;
			children = (
				F0D250FA28F700DF0049CF73 /* SearchVC.swift */,
			);
			path = View;
			sourceTree = "<group>";
		};
		F0D250F528F7009A0049CF73 /* Interactor */ = {
			isa = PBXGroup;
			children = (
				F0D250FC28F701020049CF73 /* SearchInteractor.swift */,
			);
			path = Interactor;
			sourceTree = "<group>";
		};
		F0D250F628F700A00049CF73 /* Presenter */ = {
			isa = PBXGroup;
			children = (
				F0D250FE28F7010D0049CF73 /* SearchPresenter.swift */,
			);
			path = Presenter;
			sourceTree = "<group>";
		};
		F0D250F728F700A50049CF73 /* Entity */ = {
			isa = PBXGroup;
			children = (
				F0D2510028F701160049CF73 /* SearchEntity.swift */,
			);
			path = Entity;
			sourceTree = "<group>";
		};
		F0D250F828F700A90049CF73 /* Router */ = {
			isa = PBXGroup;
			children = (
				F0D2510228F7011E0049CF73 /* SearchRouter.swift */,
			);
			path = Router;
			sourceTree = "<group>";
		};
		F0D250F928F700AF0049CF73 /* Protocols */ = {
			isa = PBXGroup;
			children = (
				F0D2510428F701260049CF73 /* SearchProtocols.swift */,
			);
			path = Protocols;
			sourceTree = "<group>";
		};
/* End PBXGroup section */

/* Begin PBXNativeTarget section */
		F029176328F68CA8008B7659 /* Books App */ = {
			isa = PBXNativeTarget;
			buildConfigurationList = F029177828F68CAD008B7659 /* Build configuration list for PBXNativeTarget "Books App" */;
			buildPhases = (
				F029176028F68CA8008B7659 /* Sources */,
				F029176128F68CA8008B7659 /* Frameworks */,
				F029176228F68CA8008B7659 /* Resources */,
			);
			buildRules = (
			);
			dependencies = (
			);
			name = "Books App";
			productName = "Books App";
			productReference = F029176428F68CA8008B7659 /* Books App.app */;
			productType = "com.apple.product-type.application";
		};
/* End PBXNativeTarget section */

/* Begin PBXProject section */
		F029175C28F68CA8008B7659 /* Project object */ = {
			isa = PBXProject;
			attributes = {
				BuildIndependentTargetsInParallel = 1;
				LastSwiftUpdateCheck = 1400;
				LastUpgradeCheck = 1400;
				TargetAttributes = {
					F029176328F68CA8008B7659 = {
						CreatedOnToolsVersion = 14.0.1;
					};
				};
			};
			buildConfigurationList = F029175F28F68CA8008B7659 /* Build configuration list for PBXProject "Books App" */;
			compatibilityVersion = "Xcode 14.0";
			developmentRegion = en;
			hasScannedForEncodings = 0;
			knownRegions = (
				en,
				Base,
			);
			mainGroup = F029175B28F68CA8008B7659;
			productRefGroup = F029176528F68CA8008B7659 /* Products */;
			projectDirPath = "";
			projectRoot = "";
			targets = (
				F029176328F68CA8008B7659 /* Books App */,
			);
		};
/* End PBXProject section */

/* Begin PBXResourcesBuildPhase section */
		F029176228F68CA8008B7659 /* Resources */ = {
			isa = PBXResourcesBuildPhase;
			buildActionMask = 2147483647;
			files = (
				F029177428F68CAD008B7659 /* LaunchScreen.storyboard in Resources */,
				F029177128F68CAD008B7659 /* Assets.xcassets in Resources */,
				F029176F28F68CA8008B7659 /* Main.storyboard in Resources */,
				F05D8D7128F699ED00EB491B /* HomeCollectionViewCell.xib in Resources */,
			);
			runOnlyForDeploymentPostprocessing = 0;
		};
/* End PBXResourcesBuildPhase section */

/* Begin PBXSourcesBuildPhase section */
		F029176028F68CA8008B7659 /* Sources */ = {
			isa = PBXSourcesBuildPhase;
			buildActionMask = 2147483647;
			files = (
				F029176C28F68CA8008B7659 /* HomeVC.swift in Sources */,
				F0D2510128F701160049CF73 /* SearchEntity.swift in Sources */,
				F05D8D6B28F699A100EB491B /* HomeEntity.swift in Sources */,
				F0D250FF28F7010D0049CF73 /* SearchPresenter.swift in Sources */,
				F05D8D6D28F699AB00EB491B /* HomeRouter.swift in Sources */,
				F029176828F68CA8008B7659 /* AppDelegate.swift in Sources */,
				F0D2510528F701260049CF73 /* SearchProtocols.swift in Sources */,
				F07980B328F6B7DE00440FA2 /* HomeProtocols.swift in Sources */,
				F029176A28F68CA8008B7659 /* SceneDelegate.swift in Sources */,
				F0D250FB28F700DF0049CF73 /* SearchVC.swift in Sources */,
				F0D250FD28F701020049CF73 /* SearchInteractor.swift in Sources */,
				F0D2510328F7011E0049CF73 /* SearchRouter.swift in Sources */,
				F05D8D6928F6999600EB491B /* HomePresenter.swift in Sources */,
				F05D8D6728F6998D00EB491B /* HomeInteractor.swift in Sources */,
				F05D8D7028F699ED00EB491B /* HomeCollectionViewCell.swift in Sources */,
			);
			runOnlyForDeploymentPostprocessing = 0;
		};
/* End PBXSourcesBuildPhase section */

/* Begin PBXVariantGroup section */
		F029176D28F68CA8008B7659 /* Main.storyboard */ = {
			isa = PBXVariantGroup;
			children = (
				F029176E28F68CA8008B7659 /* Base */,
			);
			name = Main.storyboard;
			sourceTree = "<group>";
		};
		F029177228F68CAD008B7659 /* LaunchScreen.storyboard */ = {
			isa = PBXVariantGroup;
			children = (
				F029177328F68CAD008B7659 /* Base */,
			);
			name = LaunchScreen.storyboard;
			sourceTree = "<group>";
		};
/* End PBXVariantGroup section */

/* Begin XCBuildConfiguration section */
		F029177628F68CAD008B7659 /* Debug */ = {
			isa = XCBuildConfiguration;
			buildSettings = {
				ALWAYS_SEARCH_USER_PATHS = NO;
				CLANG_ANALYZER_NONNULL = YES;
				CLANG_ANALYZER_NUMBER_OBJECT_CONVERSION = YES_AGGRESSIVE;
				CLANG_CXX_LANGUAGE_STANDARD = "gnu++20";
				CLANG_ENABLE_MODULES = YES;
				CLANG_ENABLE_OBJC_ARC = YES;
				CLANG_ENABLE_OBJC_WEAK = YES;
				CLANG_WARN_BLOCK_CAPTURE_AUTORELEASING = YES;
				CLANG_WARN_BOOL_CONVERSION = YES;
				CLANG_WARN_COMMA = YES;
				CLANG_WARN_CONSTANT_CONVERSION = YES;
				CLANG_WARN_DEPRECATED_OBJC_IMPLEMENTATIONS = YES;
				CLANG_WARN_DIRECT_OBJC_ISA_USAGE = YES_ERROR;
				CLANG_WARN_DOCUMENTATION_COMMENTS = YES;
				CLANG_WARN_EMPTY_BODY = YES;
				CLANG_WARN_ENUM_CONVERSION = YES;
				CLANG_WARN_INFINITE_RECURSION = YES;
				CLANG_WARN_INT_CONVERSION = YES;
				CLANG_WARN_NON_LITERAL_NULL_CONVERSION = YES;
				CLANG_WARN_OBJC_IMPLICIT_RETAIN_SELF = YES;
				CLANG_WARN_OBJC_LITERAL_CONVERSION = YES;
				CLANG_WARN_OBJC_ROOT_CLASS = YES_ERROR;
				CLANG_WARN_QUOTED_INCLUDE_IN_FRAMEWORK_HEADER = YES;
				CLANG_WARN_RANGE_LOOP_ANALYSIS = YES;
				CLANG_WARN_STRICT_PROTOTYPES = YES;
				CLANG_WARN_SUSPICIOUS_MOVE = YES;
				CLANG_WARN_UNGUARDED_AVAILABILITY = YES_AGGRESSIVE;
				CLANG_WARN_UNREACHABLE_CODE = YES;
				CLANG_WARN__DUPLICATE_METHOD_MATCH = YES;
				COPY_PHASE_STRIP = NO;
				DEBUG_INFORMATION_FORMAT = dwarf;
				ENABLE_STRICT_OBJC_MSGSEND = YES;
				ENABLE_TESTABILITY = YES;
				GCC_C_LANGUAGE_STANDARD = gnu11;
				GCC_DYNAMIC_NO_PIC = NO;
				GCC_NO_COMMON_BLOCKS = YES;
				GCC_OPTIMIZATION_LEVEL = 0;
				GCC_PREPROCESSOR_DEFINITIONS = (
					"DEBUG=1",
					"$(inherited)",
				);
				GCC_WARN_64_TO_32_BIT_CONVERSION = YES;
				GCC_WARN_ABOUT_RETURN_TYPE = YES_ERROR;
				GCC_WARN_UNDECLARED_SELECTOR = YES;
				GCC_WARN_UNINITIALIZED_AUTOS = YES_AGGRESSIVE;
				GCC_WARN_UNUSED_FUNCTION = YES;
				GCC_WARN_UNUSED_VARIABLE = YES;
				IPHONEOS_DEPLOYMENT_TARGET = 16.0;
				MTL_ENABLE_DEBUG_INFO = INCLUDE_SOURCE;
				MTL_FAST_MATH = YES;
				ONLY_ACTIVE_ARCH = YES;
				SDKROOT = iphoneos;
				SWIFT_ACTIVE_COMPILATION_CONDITIONS = DEBUG;
				SWIFT_OPTIMIZATION_LEVEL = "-Onone";
			};
			name = Debug;
		};
		F029177728F68CAD008B7659 /* Release */ = {
			isa = XCBuildConfiguration;
			buildSettings = {
				ALWAYS_SEARCH_USER_PATHS = NO;
				CLANG_ANALYZER_NONNULL = YES;
				CLANG_ANALYZER_NUMBER_OBJECT_CONVERSION = YES_AGGRESSIVE;
				CLANG_CXX_LANGUAGE_STANDARD = "gnu++20";
				CLANG_ENABLE_MODULES = YES;
				CLANG_ENABLE_OBJC_ARC = YES;
				CLANG_ENABLE_OBJC_WEAK = YES;
				CLANG_WARN_BLOCK_CAPTURE_AUTORELEASING = YES;
				CLANG_WARN_BOOL_CONVERSION = YES;
				CLANG_WARN_COMMA = YES;
				CLANG_WARN_CONSTANT_CONVERSION = YES;
				CLANG_WARN_DEPRECATED_OBJC_IMPLEMENTATIONS = YES;
				CLANG_WARN_DIRECT_OBJC_ISA_USAGE = YES_ERROR;
				CLANG_WARN_DOCUMENTATION_COMMENTS = YES;
				CLANG_WARN_EMPTY_BODY = YES;
				CLANG_WARN_ENUM_CONVERSION = YES;
				CLANG_WARN_INFINITE_RECURSION = YES;
				CLANG_WARN_INT_CONVERSION = YES;
				CLANG_WARN_NON_LITERAL_NULL_CONVERSION = YES;
				CLANG_WARN_OBJC_IMPLICIT_RETAIN_SELF = YES;
				CLANG_WARN_OBJC_LITERAL_CONVERSION = YES;
				CLANG_WARN_OBJC_ROOT_CLASS = YES_ERROR;
				CLANG_WARN_QUOTED_INCLUDE_IN_FRAMEWORK_HEADER = YES;
				CLANG_WARN_RANGE_LOOP_ANALYSIS = YES;
				CLANG_WARN_STRICT_PROTOTYPES = YES;
				CLANG_WARN_SUSPICIOUS_MOVE = YES;
				CLANG_WARN_UNGUARDED_AVAILABILITY = YES_AGGRESSIVE;
				CLANG_WARN_UNREACHABLE_CODE = YES;
				CLANG_WARN__DUPLICATE_METHOD_MATCH = YES;
				COPY_PHASE_STRIP = NO;
				DEBUG_INFORMATION_FORMAT = "dwarf-with-dsym";
				ENABLE_NS_ASSERTIONS = NO;
				ENABLE_STRICT_OBJC_MSGSEND = YES;
				GCC_C_LANGUAGE_STANDARD = gnu11;
				GCC_NO_COMMON_BLOCKS = YES;
				GCC_WARN_64_TO_32_BIT_CONVERSION = YES;
				GCC_WARN_ABOUT_RETURN_TYPE = YES_ERROR;
				GCC_WARN_UNDECLARED_SELECTOR = YES;
				GCC_WARN_UNINITIALIZED_AUTOS = YES_AGGRESSIVE;
				GCC_WARN_UNUSED_FUNCTION = YES;
				GCC_WARN_UNUSED_VARIABLE = YES;
				IPHONEOS_DEPLOYMENT_TARGET = 16.0;
				MTL_ENABLE_DEBUG_INFO = NO;
				MTL_FAST_MATH = YES;
				SDKROOT = iphoneos;
				SWIFT_COMPILATION_MODE = wholemodule;
				SWIFT_OPTIMIZATION_LEVEL = "-O";
				VALIDATE_PRODUCT = YES;
			};
			name = Release;
		};
		F029177928F68CAD008B7659 /* Debug */ = {
			isa = XCBuildConfiguration;
			buildSettings = {
				ASSETCATALOG_COMPILER_APPICON_NAME = AppIcon;
				ASSETCATALOG_COMPILER_GLOBAL_ACCENT_COLOR_NAME = AccentColor;
				CODE_SIGN_STYLE = Automatic;
				CURRENT_PROJECT_VERSION = 1;
				DEVELOPMENT_TEAM = 9U6F2PV66P;
				GENERATE_INFOPLIST_FILE = YES;
				INFOPLIST_FILE = "Books App/Info.plist";
				INFOPLIST_KEY_CFBundleDisplayName = Books;
				INFOPLIST_KEY_UIApplicationSupportsIndirectInputEvents = YES;
				INFOPLIST_KEY_UILaunchStoryboardName = LaunchScreen;
				INFOPLIST_KEY_UIMainStoryboardFile = Main;
				INFOPLIST_KEY_UISupportedInterfaceOrientations = UIInterfaceOrientationPortrait;
				INFOPLIST_KEY_UISupportedInterfaceOrientations_iPad = "UIInterfaceOrientationLandscapeLeft UIInterfaceOrientationLandscapeRight UIInterfaceOrientationPortrait UIInterfaceOrientationPortraitUpsideDown";
				IPHONEOS_DEPLOYMENT_TARGET = 15.2;
				LD_RUNPATH_SEARCH_PATHS = (
					"$(inherited)",
					"@executable_path/Frameworks",
				);
				MARKETING_VERSION = 1.0;
				PRODUCT_BUNDLE_IDENTIFIER = "com.berkayyalcin.Books-App";
				PRODUCT_NAME = "$(TARGET_NAME)";
				SWIFT_EMIT_LOC_STRINGS = YES;
				SWIFT_VERSION = 5.0;
				TARGETED_DEVICE_FAMILY = "1,2";
			};
			name = Debug;
		};
		F029177A28F68CAD008B7659 /* Release */ = {
			isa = XCBuildConfiguration;
			buildSettings = {
				ASSETCATALOG_COMPILER_APPICON_NAME = AppIcon;
				ASSETCATALOG_COMPILER_GLOBAL_ACCENT_COLOR_NAME = AccentColor;
				CODE_SIGN_STYLE = Automatic;
				CURRENT_PROJECT_VERSION = 1;
				DEVELOPMENT_TEAM = 9U6F2PV66P;
				GENERATE_INFOPLIST_FILE = YES;
				INFOPLIST_FILE = "Books App/Info.plist";
				INFOPLIST_KEY_CFBundleDisplayName = Books;
				INFOPLIST_KEY_UIApplicationSupportsIndirectInputEvents = YES;
				INFOPLIST_KEY_UILaunchStoryboardName = LaunchScreen;
				INFOPLIST_KEY_UIMainStoryboardFile = Main;
				INFOPLIST_KEY_UISupportedInterfaceOrientations = UIInterfaceOrientationPortrait;
				INFOPLIST_KEY_UISupportedInterfaceOrientations_iPad = "UIInterfaceOrientationLandscapeLeft UIInterfaceOrientationLandscapeRight UIInterfaceOrientationPortrait UIInterfaceOrientationPortraitUpsideDown";
				IPHONEOS_DEPLOYMENT_TARGET = 15.2;
				LD_RUNPATH_SEARCH_PATHS = (
					"$(inherited)",
					"@executable_path/Frameworks",
				);
				MARKETING_VERSION = 1.0;
				PRODUCT_BUNDLE_IDENTIFIER = "com.berkayyalcin.Books-App";
				PRODUCT_NAME = "$(TARGET_NAME)";
				SWIFT_EMIT_LOC_STRINGS = YES;
				SWIFT_VERSION = 5.0;
				TARGETED_DEVICE_FAMILY = "1,2";
			};
			name = Release;
		};
/* End XCBuildConfiguration section */

/* Begin XCConfigurationList section */
		F029175F28F68CA8008B7659 /* Build configuration list for PBXProject "Books App" */ = {
			isa = XCConfigurationList;
			buildConfigurations = (
				F029177628F68CAD008B7659 /* Debug */,
				F029177728F68CAD008B7659 /* Release */,
			);
			defaultConfigurationIsVisible = 0;
			defaultConfigurationName = Release;
		};
		F029177828F68CAD008B7659 /* Build configuration list for PBXNativeTarget "Books App" */ = {
			isa = XCConfigurationList;
			buildConfigurations = (
				F029177928F68CAD008B7659 /* Debug */,
				F029177A28F68CAD008B7659 /* Release */,
			);
			defaultConfigurationIsVisible = 0;
			defaultConfigurationName = Release;
		};
/* End XCConfigurationList section */
	};
	rootObject = F029175C28F68CA8008B7659 /* Project object */;
}
